
Microsoft Visual Studio Solution File, Format Version 12.00
# Visual Studio Version 17
VisualStudioVersion = 17.14.36121.58 d17.14
MinimumVisualStudioVersion = 10.0.40219.1
Project("{FAE04EC0-301F-11D3-BF4B-00C04F79EFBC}") = "Labb_2_21-09-25", "Labb_2_21-09-25.csproj", "{219FE79B-22BB-418A-BDA7-8BD9722F06FA}"
EndProject
Global
	GlobalSection(SolutionConfigurationPlatforms) = preSolution
		Debug|Any CPU = Debug|Any CPU
		Release|Any CPU = Release|Any CPU
	EndGlobalSection
	GlobalSection(ProjectConfigurationPlatforms) = postSolution
		{219FE79B-22BB-418A-BDA7-8BD9722F06FA}.Debug|Any CPU.ActiveCfg = Debug|Any CPU
		{219FE79B-22BB-418A-BDA7-8BD9722F06FA}.Debug|Any CPU.Build.0 = Debug|Any CPU
		{219FE79B-22BB-418A-BDA7-8BD9722F06FA}.Release|Any CPU.ActiveCfg = Release|Any CPU
		{219FE79B-22BB-418A-BDA7-8BD9722F06FA}.Release|Any CPU.Build.0 = Release|Any CPU
	EndGlobalSection
	GlobalSection(SolutionProperties) = preSolution
		HideSolutionNode = FALSE
	EndGlobalSection
	GlobalSection(ExtensibilityGlobals) = postSolution
		SolutionGuid = {FD4C5953-9A07-4927-BC0C-0DA1A6D21674}
	EndGlobalSection
EndGlobal
